<?xml version="1.0" encoding="utf-8"?>
<Project ToolsVersion="4.0" xmlns="http://schemas.microsoft.com/developer/msbuild/2003">
  <ItemGroup>
    <Filter Include="Source Files">
      <UniqueIdentifier>{4FC737F1-C7A5-4376-A066-2A32D752A2FF}</UniqueIdentifier>
      <Extensions>cpp;c;cc;cxx;def;odl;idl;hpj;bat;asm;asmx</Extensions>
    </Filter>
    <Filter Include="Header Files">
      <UniqueIdentifier>{93995380-89BD-4b04-88EB-625FBE52EBFB}</UniqueIdentifier>
      <Extensions>h;hpp;hxx;hm;inl;inc;xsd</Extensions>
    </Filter>
    <Filter Include="Resource Files">
      <UniqueIdentifier>{67DA6AB6-F800-4c08-8B7A-83BB121AAD01}</UniqueIdentifier>
      <Extensions>rc;ico;cur;bmp;dlg;rc2;rct;bin;rgs;gif;jpg;jpeg;jpe;resx;tiff;tif;png;wav</Extensions>
    </Filter>
    <Filter Include="Input Files">
      <UniqueIdentifier>{c940d458-76ba-4eb2-b967-863be76ae66e}</UniqueIdentifier>
    </Filter>
    <Filter Include="OSUtils">
      <UniqueIdentifier>{4ab5ed1a-7db2-4ca8-ad73-5dbc03086141}</UniqueIdentifier>
    </Filter>
    <Filter Include="Extensions">
      <UniqueIdentifier>{5788112c-544e-4434-a2aa-cc7bb4f8e758}</UniqueIdentifier>
    </Filter>
    <Filter Include="Extensions\Img">
      <UniqueIdentifier>{8f1ac6b2-2631-47dc-a07c-27b3c960b7cc}</UniqueIdentifier>
    </Filter>
    <Filter Include="Extensions\UE9Utils">
      <UniqueIdentifier>{fe1216c7-7ecc-4ccb-87d6-8af1b89f0479}</UniqueIdentifier>
    </Filter>
    <Filter Include="interval">
      <UniqueIdentifier>{ec4b31cd-f896-4029-b398-c7bf5f7438c1}</UniqueIdentifier>
    </Filter>
    <Filter Include="matrix_lib">
      <UniqueIdentifier>{6d136ced-d5db-4172-8c7a-f54c7ae0fb5c}</UniqueIdentifier>
    </Filter>
    <Filter Include="Hardware">
      <UniqueIdentifier>{1c966b92-de35-4e6b-886e-f0906ff40a56}</UniqueIdentifier>
    </Filter>
    <Filter Include="Extensions\Misc">
      <UniqueIdentifier>{deaeaca4-251b-4641-a946-595b0c0b637f}</UniqueIdentifier>
    </Filter>
  </ItemGroup>
  <ItemGroup>
    <ClCompile Include="Ball.cpp">
      <Filter>Source Files</Filter>
    </ClCompile>
    <ClCompile Include="Commands.cpp">
      <Filter>Source Files</Filter>
    </ClCompile>
    <ClCompile Include="Computations.cpp">
      <Filter>Source Files</Filter>
    </ClCompile>
    <ClCompile Include="Config.cpp">
      <Filter>Source Files</Filter>
    </ClCompile>
    <ClCompile Include="Controller.cpp">
      <Filter>Source Files</Filter>
    </ClCompile>
    <ClCompile Include="Globals.cpp">
      <Filter>Source Files</Filter>
    </ClCompile>
    <ClCompile Include="Main.cpp">
      <Filter>Source Files</Filter>
    </ClCompile>
    <ClCompile Include="Observer.cpp">
      <Filter>Source Files</Filter>
    </ClCompile>
    <ClCompile Include="OpenCVGUI.cpp">
      <Filter>Source Files</Filter>
    </ClCompile>
    <ClCompile Include="SeanetProcessing.cpp">
      <Filter>Source Files</Filter>
    </ClCompile>
    <ClCompile Include="Simulator.cpp">
      <Filter>Source Files</Filter>
    </ClCompile>
    <ClCompile Include="SurfaceVisualObstacle.cpp">
      <Filter>Source Files</Filter>
    </ClCompile>
    <ClCompile Include="VideoRecord.cpp">
      <Filter>Source Files</Filter>
    </ClCompile>
    <ClCompile Include="VisualObstacle.cpp">
      <Filter>Source Files</Filter>
    </ClCompile>
    <ClCompile Include="Wall.cpp">
      <Filter>Source Files</Filter>
    </ClCompile>
    <ClCompile Include="..\OSUtils\OSComputerRS232Port.c">
      <Filter>OSUtils</Filter>
    </ClCompile>
    <ClCompile Include="..\OSUtils\OSCore.c">
      <Filter>OSUtils</Filter>
    </ClCompile>
    <ClCompile Include="..\OSUtils\OSCriticalSection.c">
      <Filter>OSUtils</Filter>
    </ClCompile>
    <ClCompile Include="..\OSUtils\OSEv.c">
      <Filter>OSUtils</Filter>
    </ClCompile>
    <ClCompile Include="..\OSUtils\OSMisc.c">
      <Filter>OSUtils</Filter>
    </ClCompile>
    <ClCompile Include="..\OSUtils\OSNet.c">
      <Filter>OSUtils</Filter>
    </ClCompile>
    <ClCompile Include="..\OSUtils\OSSem.c">
      <Filter>OSUtils</Filter>
    </ClCompile>
    <ClCompile Include="..\OSUtils\OSThread.c">
      <Filter>OSUtils</Filter>
    </ClCompile>
    <ClCompile Include="..\OSUtils\OSTime.c">
      <Filter>OSUtils</Filter>
    </ClCompile>
    <ClCompile Include="..\OSUtils\OSTimer.c">
      <Filter>OSUtils</Filter>
    </ClCompile>
    <ClCompile Include="..\Extensions\Devices\LabjackUtils\UE9Utils\UE9Cfg.c">
      <Filter>Extensions\UE9Utils</Filter>
    </ClCompile>
    <ClCompile Include="..\Extensions\Devices\LabjackUtils\UE9Utils\UE9Core.c">
      <Filter>Extensions\UE9Utils</Filter>
    </ClCompile>
    <ClCompile Include="..\interval\box.cpp">
      <Filter>interval</Filter>
    </ClCompile>
    <ClCompile Include="..\interval\iboolean.cpp">
      <Filter>interval</Filter>
    </ClCompile>
    <ClCompile Include="..\interval\imatrix.cpp">
      <Filter>interval</Filter>
    </ClCompile>
    <ClCompile Include="..\interval\interval.cpp">
      <Filter>interval</Filter>
    </ClCompile>
    <ClCompile Include="..\interval\rmatrix.cpp">
      <Filter>interval</Filter>
    </ClCompile>
    <ClCompile Include="Hardware\CISCREA.cpp">
      <Filter>Hardware</Filter>
    </ClCompile>
    <ClCompile Include="Hardware\MDM.cpp">
      <Filter>Hardware</Filter>
    </ClCompile>
    <ClCompile Include="Hardware\MES.cpp">
      <Filter>Hardware</Filter>
    </ClCompile>
    <ClCompile Include="Hardware\MT.cpp">
      <Filter>Hardware</Filter>
    </ClCompile>
    <ClCompile Include="Hardware\NMEADevice.cpp">
      <Filter>Hardware</Filter>
    </ClCompile>
    <ClCompile Include="Hardware\P33x.cpp">
      <Filter>Hardware</Filter>
    </ClCompile>
    <ClCompile Include="Hardware\RazorAHRS.cpp">
      <Filter>Hardware</Filter>
    </ClCompile>
    <ClCompile Include="Hardware\RS232Port.cpp">
      <Filter>Hardware</Filter>
    </ClCompile>
    <ClCompile Include="Hardware\Seanet.cpp">
      <Filter>Hardware</Filter>
    </ClCompile>
    <ClCompile Include="Hardware\SSC32.cpp">
      <Filter>Hardware</Filter>
    </ClCompile>
    <ClCompile Include="Hardware\SwarmonDevice.cpp">
      <Filter>Hardware</Filter>
    </ClCompile>
    <ClCompile Include="Hardware\UE9A.cpp">
      <Filter>Hardware</Filter>
    </ClCompile>
    <ClCompile Include="Hardware\Video.cpp">
      <Filter>Hardware</Filter>
    </ClCompile>
    <ClCompile Include="Hardware\Hokuyo.cpp">
      <Filter>Hardware</Filter>
    </ClCompile>
    <ClCompile Include="Hardware\MiniSSC.cpp">
      <Filter>Hardware</Filter>
    </ClCompile>
    <ClCompile Include="Hardware\MAVLinkDevice.cpp">
      <Filter>Hardware</Filter>
    </ClCompile>
    <ClCompile Include="Hardware\IM483I.cpp">
      <Filter>Hardware</Filter>
    </ClCompile>
    <ClCompile Include="Pinger.cpp">
      <Filter>Source Files</Filter>
    </ClCompile>
    <ClCompile Include="MAVLinkInterface.cpp">
      <Filter>Source Files</Filter>
    </ClCompile>
    <ClCompile Include="Hardware\SBG.cpp">
      <Filter>Hardware</Filter>
    </ClCompile>
    <ClCompile Include="Hardware\ublox.cpp">
      <Filter>Hardware</Filter>
    </ClCompile>
    <ClCompile Include="SonarLocalization.cpp">
      <Filter>Source Files</Filter>
    </ClCompile>
    <ClCompile Include="ExternalVisualLocalization.cpp">
      <Filter>Source Files</Filter>
    </ClCompile>
    <ClCompile Include="Hardware\RPLIDAR.cpp">
      <Filter>Hardware</Filter>
    </ClCompile>
    <ClCompile Include="SonarAltitudeEstimation.cpp">
      <Filter>Source Files</Filter>
    </ClCompile>
    <ClCompile Include="FollowMe.cpp">
      <Filter>Source Files</Filter>
    </ClCompile>
    <ClCompile Include="Hardware\BlueView.cpp">
      <Filter>Hardware</Filter>
    </ClCompile>
    <ClCompile Include="NMEAInterface.cpp">
      <Filter>Source Files</Filter>
    </ClCompile>
    <ClCompile Include="Hardware\PathfinderDVL.cpp">
      <Filter>Hardware</Filter>
    </ClCompile>
    <ClCompile Include="Hardware\NortekDVL.cpp">
      <Filter>Hardware</Filter>
    </ClCompile>
    <ClCompile Include="RazorAHRSInterface.cpp">
      <Filter>Source Files</Filter>
    </ClCompile>
    <ClCompile Include="SSC32Interface.cpp">
      <Filter>Source Files</Filter>
    </ClCompile>
    <ClCompile Include="Hardware\LIRMIA3.cpp">
      <Filter>Hardware</Filter>
    </ClCompile>
    <ClCompile Include="Hardware\MS580314BA.cpp">
      <Filter>Hardware</Filter>
    </ClCompile>
    <ClCompile Include="Hardware\MS583730BA.cpp">
      <Filter>Hardware</Filter>
    </ClCompile>
    <ClCompile Include="Hardware\gpControl.cpp">
      <Filter>Hardware</Filter>
    </ClCompile>
    <ClCompile Include="Hardware\Pololu.cpp">
      <Filter>Hardware</Filter>
    </ClCompile>
    <ClCompile Include="ExternalProgramTrigger.cpp">
      <Filter>Source Files</Filter>
    </ClCompile>
  </ItemGroup>
  <ItemGroup>
    <ClInclude Include="Ball.h">
      <Filter>Header Files</Filter>
    </ClInclude>
    <ClInclude Include="Commands.h">
      <Filter>Header Files</Filter>
    </ClInclude>
    <ClInclude Include="Computations.h">
      <Filter>Header Files</Filter>
    </ClInclude>
    <ClInclude Include="Config.h">
      <Filter>Header Files</Filter>
    </ClInclude>
    <ClInclude Include="Controller.h">
      <Filter>Header Files</Filter>
    </ClInclude>
    <ClInclude Include="Globals.h">
      <Filter>Header Files</Filter>
    </ClInclude>
    <ClInclude Include="Observer.h">
      <Filter>Header Files</Filter>
    </ClInclude>
    <ClInclude Include="OpenCVGUI.h">
      <Filter>Header Files</Filter>
    </ClInclude>
    <ClInclude Include="SeanetProcessing.h">
      <Filter>Header Files</Filter>
    </ClInclude>
    <ClInclude Include="Simulator.h">
      <Filter>Header Files</Filter>
    </ClInclude>
    <ClInclude Include="SurfaceVisualObstacle.h">
      <Filter>Header Files</Filter>
    </ClInclude>
    <ClInclude Include="VideoRecord.h">
      <Filter>Header Files</Filter>
    </ClInclude>
    <ClInclude Include="VisualObstacle.h">
      <Filter>Header Files</Filter>
    </ClInclude>
    <ClInclude Include="Wall.h">
      <Filter>Header Files</Filter>
    </ClInclude>
    <ClInclude Include="..\OSUtils\OSComputerRS232Port.h">
      <Filter>OSUtils</Filter>
    </ClInclude>
    <ClInclude Include="..\OSUtils\OSCore.h">
      <Filter>OSUtils</Filter>
    </ClInclude>
    <ClInclude Include="..\OSUtils\OSCriticalSection.h">
      <Filter>OSUtils</Filter>
    </ClInclude>
    <ClInclude Include="..\OSUtils\OSEv.h">
      <Filter>OSUtils</Filter>
    </ClInclude>
    <ClInclude Include="..\OSUtils\OSMisc.h">
      <Filter>OSUtils</Filter>
    </ClInclude>
    <ClInclude Include="..\OSUtils\OSNet.h">
      <Filter>OSUtils</Filter>
    </ClInclude>
    <ClInclude Include="..\OSUtils\OSSem.h">
      <Filter>OSUtils</Filter>
    </ClInclude>
    <ClInclude Include="..\OSUtils\OSThread.h">
      <Filter>OSUtils</Filter>
    </ClInclude>
    <ClInclude Include="..\OSUtils\OSTime.h">
      <Filter>OSUtils</Filter>
    </ClInclude>
    <ClInclude Include="..\OSUtils\OSTimer.h">
      <Filter>OSUtils</Filter>
    </ClInclude>
    <ClInclude Include="..\OSUtils\OSUtils.h">
      <Filter>OSUtils</Filter>
    </ClInclude>
    <ClInclude Include="..\Extensions\Img\AxisOptions.h">
      <Filter>Extensions\Img</Filter>
    </ClInclude>
    <ClInclude Include="..\Extensions\Img\CoordSystem.h">
      <Filter>Extensions\Img</Filter>
    </ClInclude>
    <ClInclude Include="..\Extensions\Img\CoordSystem2Img.h">
      <Filter>Extensions\Img</Filter>
    </ClInclude>
    <ClInclude Include="..\Extensions\Img\CoordSystemChg.h">
      <Filter>Extensions\Img</Filter>
    </ClInclude>
    <ClInclude Include="..\Extensions\Devices\LabjackUtils\UE9Utils\UE9Cfg.h">
      <Filter>Extensions\UE9Utils</Filter>
    </ClInclude>
    <ClInclude Include="..\Extensions\Devices\LabjackUtils\UE9Utils\UE9Core.h">
      <Filter>Extensions\UE9Utils</Filter>
    </ClInclude>
    <ClInclude Include="..\interval\box.h">
      <Filter>interval</Filter>
    </ClInclude>
    <ClInclude Include="..\interval\iboolean.h">
      <Filter>interval</Filter>
    </ClInclude>
    <ClInclude Include="..\interval\imatrix.h">
      <Filter>interval</Filter>
    </ClInclude>
    <ClInclude Include="..\interval\interval.h">
      <Filter>interval</Filter>
    </ClInclude>
    <ClInclude Include="..\interval\rmatrix.h">
      <Filter>interval</Filter>
    </ClInclude>
    <ClInclude Include="..\matrix_lib\jama_cholesky.h">
      <Filter>matrix_lib</Filter>
    </ClInclude>
    <ClInclude Include="..\matrix_lib\jama_eig.h">
      <Filter>matrix_lib</Filter>
    </ClInclude>
    <ClInclude Include="..\matrix_lib\jama_lu.h">
      <Filter>matrix_lib</Filter>
    </ClInclude>
    <ClInclude Include="..\matrix_lib\jama_qr.h">
      <Filter>matrix_lib</Filter>
    </ClInclude>
    <ClInclude Include="..\matrix_lib\jama_svd.h">
      <Filter>matrix_lib</Filter>
    </ClInclude>
    <ClInclude Include="..\matrix_lib\tnt.h">
      <Filter>matrix_lib</Filter>
    </ClInclude>
    <ClInclude Include="..\matrix_lib\tnt_array1d.h">
      <Filter>matrix_lib</Filter>
    </ClInclude>
    <ClInclude Include="..\matrix_lib\tnt_array1d_utils.h">
      <Filter>matrix_lib</Filter>
    </ClInclude>
    <ClInclude Include="..\matrix_lib\tnt_array2d.h">
      <Filter>matrix_lib</Filter>
    </ClInclude>
    <ClInclude Include="..\matrix_lib\tnt_array2d_utils.h">
      <Filter>matrix_lib</Filter>
    </ClInclude>
    <ClInclude Include="..\matrix_lib\tnt_array3d.h">
      <Filter>matrix_lib</Filter>
    </ClInclude>
    <ClInclude Include="..\matrix_lib\tnt_array3d_utils.h">
      <Filter>matrix_lib</Filter>
    </ClInclude>
    <ClInclude Include="..\matrix_lib\tnt_cmat.h">
      <Filter>matrix_lib</Filter>
    </ClInclude>
    <ClInclude Include="..\matrix_lib\tnt_fortran_array1d.h">
      <Filter>matrix_lib</Filter>
    </ClInclude>
    <ClInclude Include="..\matrix_lib\tnt_fortran_array1d_utils.h">
      <Filter>matrix_lib</Filter>
    </ClInclude>
    <ClInclude Include="..\matrix_lib\tnt_fortran_array2d.h">
      <Filter>matrix_lib</Filter>
    </ClInclude>
    <ClInclude Include="..\matrix_lib\tnt_fortran_array2d_utils.h">
      <Filter>matrix_lib</Filter>
    </ClInclude>
    <ClInclude Include="..\matrix_lib\tnt_fortran_array3d.h">
      <Filter>matrix_lib</Filter>
    </ClInclude>
    <ClInclude Include="..\matrix_lib\tnt_fortran_array3d_utils.h">
      <Filter>matrix_lib</Filter>
    </ClInclude>
    <ClInclude Include="..\matrix_lib\tnt_i_refvec.h">
      <Filter>matrix_lib</Filter>
    </ClInclude>
    <ClInclude Include="..\matrix_lib\tnt_math_utils.h">
      <Filter>matrix_lib</Filter>
    </ClInclude>
    <ClInclude Include="..\matrix_lib\tnt_sparse_matrix_csr.h">
      <Filter>matrix_lib</Filter>
    </ClInclude>
    <ClInclude Include="..\matrix_lib\tnt_stopwatch.h">
      <Filter>matrix_lib</Filter>
    </ClInclude>
    <ClInclude Include="..\matrix_lib\tnt_subscript.h">
      <Filter>matrix_lib</Filter>
    </ClInclude>
    <ClInclude Include="..\matrix_lib\tnt_vec.h">
      <Filter>matrix_lib</Filter>
    </ClInclude>
    <ClInclude Include="..\matrix_lib\tnt_version.h">
      <Filter>matrix_lib</Filter>
    </ClInclude>
    <ClInclude Include="Hardware\CISCREA.h">
      <Filter>Hardware</Filter>
    </ClInclude>
    <ClInclude Include="Hardware\MDM.h">
      <Filter>Hardware</Filter>
    </ClInclude>
    <ClInclude Include="Hardware\MES.h">
      <Filter>Hardware</Filter>
    </ClInclude>
    <ClInclude Include="Hardware\MT.h">
      <Filter>Hardware</Filter>
    </ClInclude>
    <ClInclude Include="Hardware\NMEADevice.h">
      <Filter>Hardware</Filter>
    </ClInclude>
    <ClInclude Include="Hardware\P33x.h">
      <Filter>Hardware</Filter>
    </ClInclude>
    <ClInclude Include="Hardware\RazorAHRS.h">
      <Filter>Hardware</Filter>
    </ClInclude>
    <ClInclude Include="Hardware\RS232Port.h">
      <Filter>Hardware</Filter>
    </ClInclude>
    <ClInclude Include="Hardware\Seanet.h">
      <Filter>Hardware</Filter>
    </ClInclude>
    <ClInclude Include="Hardware\SwarmonDevice.h">
      <Filter>Hardware</Filter>
    </ClInclude>
    <ClInclude Include="Hardware\UE9A.h">
      <Filter>Hardware</Filter>
    </ClInclude>
    <ClInclude Include="Hardware\Video.h">
      <Filter>Hardware</Filter>
    </ClInclude>
    <ClInclude Include="Hardware\MiniSSC.h">
      <Filter>Hardware</Filter>
    </ClInclude>
    <ClInclude Include="Hardware\SSC32.h">
      <Filter>Hardware</Filter>
    </ClInclude>
    <ClInclude Include="Hardware\Hokuyo.h">
      <Filter>Hardware</Filter>
    </ClInclude>
    <ClInclude Include="..\Extensions\Img\CvKinect2SDKHook.h">
      <Filter>Extensions\Img</Filter>
    </ClInclude>
    <ClInclude Include="Hardware\MAVLinkDevice.h">
      <Filter>Hardware</Filter>
    </ClInclude>
    <ClInclude Include="Hardware\IM483I.h">
      <Filter>Hardware</Filter>
    </ClInclude>
    <ClInclude Include="Pinger.h">
      <Filter>Header Files</Filter>
    </ClInclude>
    <ClInclude Include="MAVLinkInterface.h">
      <Filter>Header Files</Filter>
    </ClInclude>
    <ClInclude Include="Hardware\SBG.h">
      <Filter>Hardware</Filter>
    </ClInclude>
    <ClInclude Include="Hardware\UBXProtocol.h">
      <Filter>Hardware</Filter>
    </ClInclude>
    <ClInclude Include="Hardware\NMEAProtocol.h">
      <Filter>Hardware</Filter>
    </ClInclude>
    <ClInclude Include="Hardware\AIS.h">
      <Filter>Hardware</Filter>
    </ClInclude>
    <ClInclude Include="Hardware\RTCM2Protocol.h">
      <Filter>Hardware</Filter>
    </ClInclude>
    <ClInclude Include="Hardware\RTCM3Protocol.h">
      <Filter>Hardware</Filter>
    </ClInclude>
    <ClInclude Include="Hardware\ublox.h">
      <Filter>Hardware</Filter>
    </ClInclude>
    <ClInclude Include="SonarLocalization.h">
      <Filter>Header Files</Filter>
    </ClInclude>
    <ClInclude Include="ExternalVisualLocalization.h">
      <Filter>Header Files</Filter>
    </ClInclude>
    <ClInclude Include="Hardware\RPLIDAR.h">
      <Filter>Hardware</Filter>
    </ClInclude>
    <ClInclude Include="SonarAltitudeEstimation.h">
      <Filter>Header Files</Filter>
    </ClInclude>
    <ClInclude Include="..\Extensions\Misc\Misc.h">
      <Filter>Extensions\Misc</Filter>
    </ClInclude>
    <ClInclude Include="FollowMe.h">
      <Filter>Header Files</Filter>
    </ClInclude>
    <ClInclude Include="Hardware\MAVLinkProtocol.h">
      <Filter>Hardware</Filter>
    </ClInclude>
    <ClInclude Include="Hardware\BlueView.h">
      <Filter>Hardware</Filter>
    </ClInclude>
    <ClInclude Include="NMEAInterface.h">
      <Filter>Header Files</Filter>
    </ClInclude>
    <ClInclude Include="Hardware\PathfinderDVL.h">
      <Filter>Hardware</Filter>
    </ClInclude>
    <ClInclude Include="Hardware\NortekDVL.h">
      <Filter>Hardware</Filter>
    </ClInclude>
    <ClInclude Include="RazorAHRSInterface.h">
      <Filter>Header Files</Filter>
    </ClInclude>
    <ClInclude Include="SSC32Interface.h">
      <Filter>Header Files</Filter>
    </ClInclude>
    <ClInclude Include="Hardware\LIRMIA3.h">
      <Filter>Hardware</Filter>
    </ClInclude>
    <ClInclude Include="Hardware\MS580314BA.h">
      <Filter>Hardware</Filter>
    </ClInclude>
    <ClInclude Include="..\Extensions\Img\CvCLEyeSDKHook.h">
      <Filter>Extensions\Img</Filter>
    </ClInclude>
    <ClInclude Include="Hardware\MS583730BA.h">
      <Filter>Hardware</Filter>
    </ClInclude>
    <ClInclude Include="Hardware\gpControl.h">
      <Filter>Hardware</Filter>
    </ClInclude>
    <ClInclude Include="..\Extensions\Img\CvInc.h">
      <Filter>Extensions\Img</Filter>
    </ClInclude>
    <ClInclude Include="..\Extensions\Img\CvCore.h">
      <Filter>Extensions\Img</Filter>
    </ClInclude>
    <ClInclude Include="..\Extensions\Img\CvDisp.h">
      <Filter>Extensions\Img</Filter>
    </ClInclude>
    <ClInclude Include="..\Extensions\Img\CvDraw.h">
      <Filter>Extensions\Img</Filter>
    </ClInclude>
    <ClInclude Include="..\Extensions\Img\CvFiles.h">
      <Filter>Extensions\Img</Filter>
    </ClInclude>
    <ClInclude Include="..\Extensions\Img\CvProc.h">
      <Filter>Extensions\Img</Filter>
    </ClInclude>
    <ClInclude Include="..\Extensions\Img\CvUtils.h">
      <Filter>Extensions\Img</Filter>
    </ClInclude>
    <ClInclude Include="Hardware\Pololu.h">
      <Filter>Hardware</Filter>
    </ClInclude>
    <ClInclude Include="ExternalProgramTrigger.h">
      <Filter>Header Files</Filter>
    </ClInclude>
  </ItemGroup>
  <ItemGroup>
    <Text Include="UxVCtrl.txt">
      <Filter>Input Files</Filter>
    </Text>
    <Text Include="CISCREA.txt">
      <Filter>Input Files</Filter>
    </Text>
    <Text Include="env.txt">
      <Filter>Input Files</Filter>
    </Text>
    <Text Include="MDM0.txt">
      <Filter>Input Files</Filter>
    </Text>
    <Text Include="MES0.txt">
      <Filter>Input Files</Filter>
    </Text>
    <Text Include="mission.txt">
      <Filter>Input Files</Filter>
    </Text>
    <Text Include="MT0.txt">
      <Filter>Input Files</Filter>
    </Text>
    <Text Include="NMEADevice0.txt">
      <Filter>Input Files</Filter>
    </Text>
    <Text Include="P33x0.txt">
      <Filter>Input Files</Filter>
    </Text>
    <Text Include="RazorAHRS0.txt">
      <Filter>Input Files</Filter>
    </Text>
    <Text Include="Seanet0.txt">
      <Filter>Input Files</Filter>
    </Text>
    <Text Include="SSC320.txt">
      <Filter>Input Files</Filter>
    </Text>
    <Text Include="SwarmonDevice0.txt">
      <Filter>Input Files</Filter>
    </Text>
    <Text Include="UE9A0.txt">
      <Filter>Input Files</Filter>
    </Text>
    <Text Include="Video0.txt">
      <Filter>Input Files</Filter>
    </Text>
    <Text Include="Video1.txt">
      <Filter>Input Files</Filter>
    </Text>
    <Text Include="Video2.txt">
      <Filter>Input Files</Filter>
    </Text>
    <Text Include="CHANGELOG.txt" />
    <Text Include="mission_spec.txt" />
    <Text Include="ReadMe.txt" />
    <Text Include="TODO.txt" />
    <Text Include="MiniSSC0.txt">
      <Filter>Input Files</Filter>
    </Text>
    <Text Include="Hokuyo0.txt">
      <Filter>Input Files</Filter>
    </Text>
    <Text Include="MAVLinkDevice0.txt">
      <Filter>Input Files</Filter>
    </Text>
    <Text Include="MAVLinkDevice1.txt">
      <Filter>Input Files</Filter>
    </Text>
    <Text Include="NMEADevice1.txt">
      <Filter>Input Files</Filter>
    </Text>
    <Text Include="IM483I0.txt">
      <Filter>Input Files</Filter>
    </Text>
    <Text Include="SBG0.txt">
      <Filter>Input Files</Filter>
    </Text>
    <Text Include="keys.txt">
      <Filter>Input Files</Filter>
    </Text>
    <Text Include="ublox0.txt">
      <Filter>Input Files</Filter>
    </Text>
    <Text Include="ublox1.txt">
      <Filter>Input Files</Filter>
    </Text>
    <Text Include="RPLIDAR0.txt">
      <Filter>Input Files</Filter>
    </Text>
    <Text Include="ublox2.txt">
      <Filter>Input Files</Filter>
    </Text>
    <Text Include="BlueView0.txt">
      <Filter>Input Files</Filter>
    </Text>
    <Text Include="BlueView1.txt">
      <Filter>Input Files</Filter>
    </Text>
    <Text Include="PathfinderDVL0.txt">
      <Filter>Input Files</Filter>
    </Text>
    <Text Include="NortekDVL0.txt">
      <Filter>Input Files</Filter>
    </Text>
    <Text Include="MS580314BA0.txt">
      <Filter>Input Files</Filter>
    </Text>
    <Text Include="LIRMIA3.txt">
      <Filter>Input Files</Filter>
    </Text>
    <Text Include="MS583730BA0.txt">
      <Filter>Input Files</Filter>
    </Text>
    <Text Include="gpControl0.txt">
      <Filter>Input Files</Filter>
    </Text>
    <Text Include="CMakeLists.txt" />
    <Text Include="Pololu1.txt">
      <Filter>Input Files</Filter>
    </Text>
    <Text Include="Pololu2.txt">
      <Filter>Input Files</Filter>
    </Text>
    <Text Include="Pololu0.txt">
      <Filter>Input Files</Filter>
    </Text>
  </ItemGroup>
  <ItemGroup>
    <None Include="Makefile" />
  </ItemGroup>
</Project>